{
  "version": "4",
  "specifiers": {
    "jsr:@cross/deepmerge@1": "1.0.0"
  },
  "jsr": {
    "@cross/deepmerge@1.0.0": {
      "integrity": "1e1318a74e31ba1959b9aa0acae8bd417b806f74ffd25ac07c90e12f83ad6b1d"
    }
  },
  "workspace": {
    "dependencies": [
      "jsr:@cross/deepmerge@1"
    ]
  }
}
